
Microsoft Visual Studio Solution File, Format Version 12.00
# Visual Studio 15
VisualStudioVersion = 15.0.28010.2026
MinimumVisualStudioVersion = 10.0.40219.1
Project("{FAE04EC0-301F-11D3-BF4B-00C04F79EFBC}") = "Day5_5", "Day5_5\Day5_5.csproj", "{C5A443A5-73BF-490D-80E5-A898422B4332}"
EndProject
Global
	GlobalSection(SolutionConfigurationPlatforms) = preSolution
		Debug|Any CPU = Debug|Any CPU
		Release|Any CPU = Release|Any CPU
	EndGlobalSection
	GlobalSection(ProjectConfigurationPlatforms) = postSolution
		{C5A443A5-73BF-490D-80E5-A898422B4332}.Debug|Any CPU.ActiveCfg = Debug|Any CPU
		{C5A443A5-73BF-490D-80E5-A898422B4332}.Debug|Any CPU.Build.0 = Debug|Any CPU
		{C5A443A5-73BF-490D-80E5-A898422B4332}.Release|Any CPU.ActiveCfg = Release|Any CPU
		{C5A443A5-73BF-490D-80E5-A898422B4332}.Release|Any CPU.Build.0 = Release|Any CPU
	EndGlobalSection
	GlobalSection(SolutionProperties) = preSolution
		HideSolutionNode = FALSE
	EndGlobalSection
	GlobalSection(ExtensibilityGlobals) = postSolution
		SolutionGuid = {62EBE638-F82A-48E9-B00D-EEC258B356B4}
	EndGlobalSection
EndGlobal
