
Microsoft Visual Studio Solution File, Format Version 12.00
# Visual Studio 15
VisualStudioVersion = 15.0.28010.2026
MinimumVisualStudioVersion = 10.0.40219.1
Project("{FAE04EC0-301F-11D3-BF4B-00C04F79EFBC}") = "Day1", "Day1\Day1.csproj", "{D7A32BF1-C608-4AFE-9205-F4C8D7C38B00}"
EndProject
Project("{FAE04EC0-301F-11D3-BF4B-00C04F79EFBC}") = "Day1-1", "Day1-1\Day1-1.csproj", "{C95CA108-DCA7-4DE9-9D7C-037067E5CD57}"
EndProject
Project("{FAE04EC0-301F-11D3-BF4B-00C04F79EFBC}") = "Day1-2", "Day1-2\Day1-2.csproj", "{6EC27224-E600-4E0C-8B80-08D6E4EE0675}"
EndProject
Project("{FAE04EC0-301F-11D3-BF4B-00C04F79EFBC}") = "Day1_2", "Day1_2\Day1_2.csproj", "{7A277BFB-614A-4573-8FE7-2A1A75DFC215}"
EndProject
Project("{FAE04EC0-301F-11D3-BF4B-00C04F79EFBC}") = "Day1_3", "Day1_3\Day1_3.csproj", "{03F33C6B-13DE-4728-917E-486F422C8538}"
EndProject
Project("{FAE04EC0-301F-11D3-BF4B-00C04F79EFBC}") = "Day1_4", "Day1_4\Day1_4.csproj", "{FEDD62F8-2B61-4EA0-895A-DE3371EF4DC2}"
EndProject
Project("{FAE04EC0-301F-11D3-BF4B-00C04F79EFBC}") = "Day1_5", "Day1_5\Day1_5.csproj", "{203BE5DE-6D3F-4D11-9F5C-F1BABCB2B981}"
EndProject
Project("{FAE04EC0-301F-11D3-BF4B-00C04F79EFBC}") = "Day1_6", "Day1_6\Day1_6.csproj", "{375A92DF-92B6-476B-99DC-4689A252DC31}"
EndProject
Project("{FAE04EC0-301F-11D3-BF4B-00C04F79EFBC}") = "Day1_7", "Day1_7\Day1_7.csproj", "{5BE4A9EB-7DA4-4C3F-BA81-088F03571653}"
EndProject
Project("{FAE04EC0-301F-11D3-BF4B-00C04F79EFBC}") = "Day1_8", "Day1_8\Day1_8.csproj", "{69E740A6-407D-4918-B6C5-8781EB0093DE}"
EndProject
Global
	GlobalSection(SolutionConfigurationPlatforms) = preSolution
		Debug|Any CPU = Debug|Any CPU
		Release|Any CPU = Release|Any CPU
	EndGlobalSection
	GlobalSection(ProjectConfigurationPlatforms) = postSolution
		{D7A32BF1-C608-4AFE-9205-F4C8D7C38B00}.Debug|Any CPU.ActiveCfg = Debug|Any CPU
		{D7A32BF1-C608-4AFE-9205-F4C8D7C38B00}.Debug|Any CPU.Build.0 = Debug|Any CPU
		{D7A32BF1-C608-4AFE-9205-F4C8D7C38B00}.Release|Any CPU.ActiveCfg = Release|Any CPU
		{D7A32BF1-C608-4AFE-9205-F4C8D7C38B00}.Release|Any CPU.Build.0 = Release|Any CPU
		{C95CA108-DCA7-4DE9-9D7C-037067E5CD57}.Debug|Any CPU.ActiveCfg = Debug|Any CPU
		{C95CA108-DCA7-4DE9-9D7C-037067E5CD57}.Debug|Any CPU.Build.0 = Debug|Any CPU
		{C95CA108-DCA7-4DE9-9D7C-037067E5CD57}.Release|Any CPU.ActiveCfg = Release|Any CPU
		{C95CA108-DCA7-4DE9-9D7C-037067E5CD57}.Release|Any CPU.Build.0 = Release|Any CPU
		{6EC27224-E600-4E0C-8B80-08D6E4EE0675}.Debug|Any CPU.ActiveCfg = Debug|Any CPU
		{6EC27224-E600-4E0C-8B80-08D6E4EE0675}.Debug|Any CPU.Build.0 = Debug|Any CPU
		{6EC27224-E600-4E0C-8B80-08D6E4EE0675}.Release|Any CPU.ActiveCfg = Release|Any CPU
		{6EC27224-E600-4E0C-8B80-08D6E4EE0675}.Release|Any CPU.Build.0 = Release|Any CPU
		{7A277BFB-614A-4573-8FE7-2A1A75DFC215}.Debug|Any CPU.ActiveCfg = Debug|Any CPU
		{7A277BFB-614A-4573-8FE7-2A1A75DFC215}.Debug|Any CPU.Build.0 = Debug|Any CPU
		{7A277BFB-614A-4573-8FE7-2A1A75DFC215}.Release|Any CPU.ActiveCfg = Release|Any CPU
		{7A277BFB-614A-4573-8FE7-2A1A75DFC215}.Release|Any CPU.Build.0 = Release|Any CPU
		{03F33C6B-13DE-4728-917E-486F422C8538}.Debug|Any CPU.ActiveCfg = Debug|Any CPU
		{03F33C6B-13DE-4728-917E-486F422C8538}.Debug|Any CPU.Build.0 = Debug|Any CPU
		{03F33C6B-13DE-4728-917E-486F422C8538}.Release|Any CPU.ActiveCfg = Release|Any CPU
		{03F33C6B-13DE-4728-917E-486F422C8538}.Release|Any CPU.Build.0 = Release|Any CPU
		{FEDD62F8-2B61-4EA0-895A-DE3371EF4DC2}.Debug|Any CPU.ActiveCfg = Debug|Any CPU
		{FEDD62F8-2B61-4EA0-895A-DE3371EF4DC2}.Debug|Any CPU.Build.0 = Debug|Any CPU
		{FEDD62F8-2B61-4EA0-895A-DE3371EF4DC2}.Release|Any CPU.ActiveCfg = Release|Any CPU
		{FEDD62F8-2B61-4EA0-895A-DE3371EF4DC2}.Release|Any CPU.Build.0 = Release|Any CPU
		{203BE5DE-6D3F-4D11-9F5C-F1BABCB2B981}.Debug|Any CPU.ActiveCfg = Debug|Any CPU
		{203BE5DE-6D3F-4D11-9F5C-F1BABCB2B981}.Debug|Any CPU.Build.0 = Debug|Any CPU
		{203BE5DE-6D3F-4D11-9F5C-F1BABCB2B981}.Release|Any CPU.ActiveCfg = Release|Any CPU
		{203BE5DE-6D3F-4D11-9F5C-F1BABCB2B981}.Release|Any CPU.Build.0 = Release|Any CPU
		{375A92DF-92B6-476B-99DC-4689A252DC31}.Debug|Any CPU.ActiveCfg = Debug|Any CPU
		{375A92DF-92B6-476B-99DC-4689A252DC31}.Debug|Any CPU.Build.0 = Debug|Any CPU
		{375A92DF-92B6-476B-99DC-4689A252DC31}.Release|Any CPU.ActiveCfg = Release|Any CPU
		{375A92DF-92B6-476B-99DC-4689A252DC31}.Release|Any CPU.Build.0 = Release|Any CPU
		{5BE4A9EB-7DA4-4C3F-BA81-088F03571653}.Debug|Any CPU.ActiveCfg = Debug|Any CPU
		{5BE4A9EB-7DA4-4C3F-BA81-088F03571653}.Debug|Any CPU.Build.0 = Debug|Any CPU
		{5BE4A9EB-7DA4-4C3F-BA81-088F03571653}.Release|Any CPU.ActiveCfg = Release|Any CPU
		{5BE4A9EB-7DA4-4C3F-BA81-088F03571653}.Release|Any CPU.Build.0 = Release|Any CPU
		{69E740A6-407D-4918-B6C5-8781EB0093DE}.Debug|Any CPU.ActiveCfg = Debug|Any CPU
		{69E740A6-407D-4918-B6C5-8781EB0093DE}.Debug|Any CPU.Build.0 = Debug|Any CPU
		{69E740A6-407D-4918-B6C5-8781EB0093DE}.Release|Any CPU.ActiveCfg = Release|Any CPU
		{69E740A6-407D-4918-B6C5-8781EB0093DE}.Release|Any CPU.Build.0 = Release|Any CPU
	EndGlobalSection
	GlobalSection(SolutionProperties) = preSolution
		HideSolutionNode = FALSE
	EndGlobalSection
	GlobalSection(ExtensibilityGlobals) = postSolution
		SolutionGuid = {9EF1C4D0-D399-4930-AA09-F5CAE072554A}
	EndGlobalSection
EndGlobal
