
Microsoft Visual Studio Solution File, Format Version 12.00
# Visual Studio 15
VisualStudioVersion = 15.0.28010.2026
MinimumVisualStudioVersion = 10.0.40219.1
Project("{FAE04EC0-301F-11D3-BF4B-00C04F79EFBC}") = "Day1", "Day1\Day1.csproj", "{D7A32BF1-C608-4AFE-9205-F4C8D7C38B00}"
EndProject
Project("{FAE04EC0-301F-11D3-BF4B-00C04F79EFBC}") = "Day1-1", "Day1-1\Day1-1.csproj", "{C95CA108-DCA7-4DE9-9D7C-037067E5CD57}"
EndProject
Global
	GlobalSection(SolutionConfigurationPlatforms) = preSolution
		Debug|Any CPU = Debug|Any CPU
		Release|Any CPU = Release|Any CPU
	EndGlobalSection
	GlobalSection(ProjectConfigurationPlatforms) = postSolution
		{D7A32BF1-C608-4AFE-9205-F4C8D7C38B00}.Debug|Any CPU.ActiveCfg = Debug|Any CPU
		{D7A32BF1-C608-4AFE-9205-F4C8D7C38B00}.Debug|Any CPU.Build.0 = Debug|Any CPU
		{D7A32BF1-C608-4AFE-9205-F4C8D7C38B00}.Release|Any CPU.ActiveCfg = Release|Any CPU
		{D7A32BF1-C608-4AFE-9205-F4C8D7C38B00}.Release|Any CPU.Build.0 = Release|Any CPU
		{C95CA108-DCA7-4DE9-9D7C-037067E5CD57}.Debug|Any CPU.ActiveCfg = Debug|Any CPU
		{C95CA108-DCA7-4DE9-9D7C-037067E5CD57}.Debug|Any CPU.Build.0 = Debug|Any CPU
		{C95CA108-DCA7-4DE9-9D7C-037067E5CD57}.Release|Any CPU.ActiveCfg = Release|Any CPU
		{C95CA108-DCA7-4DE9-9D7C-037067E5CD57}.Release|Any CPU.Build.0 = Release|Any CPU
	EndGlobalSection
	GlobalSection(SolutionProperties) = preSolution
		HideSolutionNode = FALSE
	EndGlobalSection
	GlobalSection(ExtensibilityGlobals) = postSolution
		SolutionGuid = {9EF1C4D0-D399-4930-AA09-F5CAE072554A}
	EndGlobalSection
EndGlobal
