
Microsoft Visual Studio Solution File, Format Version 12.00
# Visual Studio 15
VisualStudioVersion = 15.0.28010.2026
MinimumVisualStudioVersion = 10.0.40219.1
Project("{FAE04EC0-301F-11D3-BF4B-00C04F79EFBC}") = "Day3_13", "Day3_13\Day3_13.csproj", "{77D53EF4-694F-4169-9064-603EF8F07F07}"
EndProject
Global
	GlobalSection(SolutionConfigurationPlatforms) = preSolution
		Debug|Any CPU = Debug|Any CPU
		Release|Any CPU = Release|Any CPU
	EndGlobalSection
	GlobalSection(ProjectConfigurationPlatforms) = postSolution
		{77D53EF4-694F-4169-9064-603EF8F07F07}.Debug|Any CPU.ActiveCfg = Debug|Any CPU
		{77D53EF4-694F-4169-9064-603EF8F07F07}.Debug|Any CPU.Build.0 = Debug|Any CPU
		{77D53EF4-694F-4169-9064-603EF8F07F07}.Release|Any CPU.ActiveCfg = Release|Any CPU
		{77D53EF4-694F-4169-9064-603EF8F07F07}.Release|Any CPU.Build.0 = Release|Any CPU
	EndGlobalSection
	GlobalSection(SolutionProperties) = preSolution
		HideSolutionNode = FALSE
	EndGlobalSection
	GlobalSection(ExtensibilityGlobals) = postSolution
		SolutionGuid = {9C0E5260-090D-4C65-8D76-D26F58F5A2B2}
	EndGlobalSection
EndGlobal
