
Microsoft Visual Studio Solution File, Format Version 12.00
# Visual Studio 15
VisualStudioVersion = 15.0.28010.2026
MinimumVisualStudioVersion = 10.0.40219.1
Project("{FAE04EC0-301F-11D3-BF4B-00C04F79EFBC}") = "Day3_20", "Day3_20\Day3_20.csproj", "{6B86D3C5-90AB-4E4C-899F-EE08C0F186F6}"
EndProject
Global
	GlobalSection(SolutionConfigurationPlatforms) = preSolution
		Debug|Any CPU = Debug|Any CPU
		Release|Any CPU = Release|Any CPU
	EndGlobalSection
	GlobalSection(ProjectConfigurationPlatforms) = postSolution
		{6B86D3C5-90AB-4E4C-899F-EE08C0F186F6}.Debug|Any CPU.ActiveCfg = Debug|Any CPU
		{6B86D3C5-90AB-4E4C-899F-EE08C0F186F6}.Debug|Any CPU.Build.0 = Debug|Any CPU
		{6B86D3C5-90AB-4E4C-899F-EE08C0F186F6}.Release|Any CPU.ActiveCfg = Release|Any CPU
		{6B86D3C5-90AB-4E4C-899F-EE08C0F186F6}.Release|Any CPU.Build.0 = Release|Any CPU
	EndGlobalSection
	GlobalSection(SolutionProperties) = preSolution
		HideSolutionNode = FALSE
	EndGlobalSection
	GlobalSection(ExtensibilityGlobals) = postSolution
		SolutionGuid = {3F7025D4-7C04-401D-9F71-8F82F5E08F28}
	EndGlobalSection
EndGlobal
