
Microsoft Visual Studio Solution File, Format Version 12.00
# Visual Studio 15
VisualStudioVersion = 15.0.28010.2026
MinimumVisualStudioVersion = 10.0.40219.1
Project("{FAE04EC0-301F-11D3-BF4B-00C04F79EFBC}") = "Day33_8", "Day33_8\Day33_8.csproj", "{72A31A21-CA10-400F-8FA2-F25CEEF79E1A}"
EndProject
Global
	GlobalSection(SolutionConfigurationPlatforms) = preSolution
		Debug|Any CPU = Debug|Any CPU
		Release|Any CPU = Release|Any CPU
	EndGlobalSection
	GlobalSection(ProjectConfigurationPlatforms) = postSolution
		{72A31A21-CA10-400F-8FA2-F25CEEF79E1A}.Debug|Any CPU.ActiveCfg = Debug|Any CPU
		{72A31A21-CA10-400F-8FA2-F25CEEF79E1A}.Debug|Any CPU.Build.0 = Debug|Any CPU
		{72A31A21-CA10-400F-8FA2-F25CEEF79E1A}.Release|Any CPU.ActiveCfg = Release|Any CPU
		{72A31A21-CA10-400F-8FA2-F25CEEF79E1A}.Release|Any CPU.Build.0 = Release|Any CPU
	EndGlobalSection
	GlobalSection(SolutionProperties) = preSolution
		HideSolutionNode = FALSE
	EndGlobalSection
	GlobalSection(ExtensibilityGlobals) = postSolution
		SolutionGuid = {AC057F6B-C08F-42FF-B005-1F7D9D956030}
	EndGlobalSection
EndGlobal
