
Microsoft Visual Studio Solution File, Format Version 12.00
# Visual Studio 15
VisualStudioVersion = 15.0.28010.2026
MinimumVisualStudioVersion = 10.0.40219.1
Project("{FAE04EC0-301F-11D3-BF4B-00C04F79EFBC}") = "Day4_3", "Day4_3\Day4_3.csproj", "{3A2BB22C-57B4-4189-94E7-0575C09E82B5}"
EndProject
Global
	GlobalSection(SolutionConfigurationPlatforms) = preSolution
		Debug|Any CPU = Debug|Any CPU
		Release|Any CPU = Release|Any CPU
	EndGlobalSection
	GlobalSection(ProjectConfigurationPlatforms) = postSolution
		{3A2BB22C-57B4-4189-94E7-0575C09E82B5}.Debug|Any CPU.ActiveCfg = Debug|Any CPU
		{3A2BB22C-57B4-4189-94E7-0575C09E82B5}.Debug|Any CPU.Build.0 = Debug|Any CPU
		{3A2BB22C-57B4-4189-94E7-0575C09E82B5}.Release|Any CPU.ActiveCfg = Release|Any CPU
		{3A2BB22C-57B4-4189-94E7-0575C09E82B5}.Release|Any CPU.Build.0 = Release|Any CPU
	EndGlobalSection
	GlobalSection(SolutionProperties) = preSolution
		HideSolutionNode = FALSE
	EndGlobalSection
	GlobalSection(ExtensibilityGlobals) = postSolution
		SolutionGuid = {D70DA04A-97C6-4184-BCC1-BDC1766DD333}
	EndGlobalSection
EndGlobal
