
Microsoft Visual Studio Solution File, Format Version 12.00
# Visual Studio 15
VisualStudioVersion = 15.0.28010.2026
MinimumVisualStudioVersion = 10.0.40219.1
Project("{FAE04EC0-301F-11D3-BF4B-00C04F79EFBC}") = "Day4_7", "Day4_7\Day4_7.csproj", "{D2CBF44C-3E1E-4259-BE71-993BE9B53AA3}"
EndProject
Global
	GlobalSection(SolutionConfigurationPlatforms) = preSolution
		Debug|Any CPU = Debug|Any CPU
		Release|Any CPU = Release|Any CPU
	EndGlobalSection
	GlobalSection(ProjectConfigurationPlatforms) = postSolution
		{D2CBF44C-3E1E-4259-BE71-993BE9B53AA3}.Debug|Any CPU.ActiveCfg = Debug|Any CPU
		{D2CBF44C-3E1E-4259-BE71-993BE9B53AA3}.Debug|Any CPU.Build.0 = Debug|Any CPU
		{D2CBF44C-3E1E-4259-BE71-993BE9B53AA3}.Release|Any CPU.ActiveCfg = Release|Any CPU
		{D2CBF44C-3E1E-4259-BE71-993BE9B53AA3}.Release|Any CPU.Build.0 = Release|Any CPU
	EndGlobalSection
	GlobalSection(SolutionProperties) = preSolution
		HideSolutionNode = FALSE
	EndGlobalSection
	GlobalSection(ExtensibilityGlobals) = postSolution
		SolutionGuid = {EC398E5D-C96C-4C71-9F56-564B811068A7}
	EndGlobalSection
EndGlobal
