
Microsoft Visual Studio Solution File, Format Version 12.00
# Visual Studio 15
VisualStudioVersion = 15.0.28010.2026
MinimumVisualStudioVersion = 10.0.40219.1
Project("{FAE04EC0-301F-11D3-BF4B-00C04F79EFBC}") = "Day3_9", "Day3_9\Day3_9.csproj", "{DA3465C2-F35A-4A7C-AC4D-D67F7A42713D}"
EndProject
Global
	GlobalSection(SolutionConfigurationPlatforms) = preSolution
		Debug|Any CPU = Debug|Any CPU
		Release|Any CPU = Release|Any CPU
	EndGlobalSection
	GlobalSection(ProjectConfigurationPlatforms) = postSolution
		{DA3465C2-F35A-4A7C-AC4D-D67F7A42713D}.Debug|Any CPU.ActiveCfg = Debug|Any CPU
		{DA3465C2-F35A-4A7C-AC4D-D67F7A42713D}.Debug|Any CPU.Build.0 = Debug|Any CPU
		{DA3465C2-F35A-4A7C-AC4D-D67F7A42713D}.Release|Any CPU.ActiveCfg = Release|Any CPU
		{DA3465C2-F35A-4A7C-AC4D-D67F7A42713D}.Release|Any CPU.Build.0 = Release|Any CPU
	EndGlobalSection
	GlobalSection(SolutionProperties) = preSolution
		HideSolutionNode = FALSE
	EndGlobalSection
	GlobalSection(ExtensibilityGlobals) = postSolution
		SolutionGuid = {903090D5-0E09-4FA1-9B06-3469E4279C7E}
	EndGlobalSection
EndGlobal
