
Microsoft Visual Studio Solution File, Format Version 12.00
# Visual Studio 15
VisualStudioVersion = 15.0.28010.2026
MinimumVisualStudioVersion = 10.0.40219.1
Project("{FAE04EC0-301F-11D3-BF4B-00C04F79EFBC}") = "Day2_5", "Day2_5\Day2_5.csproj", "{15AB9E7B-1100-4C3F-97DB-0BDE97C6C9D0}"
EndProject
Global
	GlobalSection(SolutionConfigurationPlatforms) = preSolution
		Debug|Any CPU = Debug|Any CPU
		Release|Any CPU = Release|Any CPU
	EndGlobalSection
	GlobalSection(ProjectConfigurationPlatforms) = postSolution
		{15AB9E7B-1100-4C3F-97DB-0BDE97C6C9D0}.Debug|Any CPU.ActiveCfg = Debug|Any CPU
		{15AB9E7B-1100-4C3F-97DB-0BDE97C6C9D0}.Debug|Any CPU.Build.0 = Debug|Any CPU
		{15AB9E7B-1100-4C3F-97DB-0BDE97C6C9D0}.Release|Any CPU.ActiveCfg = Release|Any CPU
		{15AB9E7B-1100-4C3F-97DB-0BDE97C6C9D0}.Release|Any CPU.Build.0 = Release|Any CPU
	EndGlobalSection
	GlobalSection(SolutionProperties) = preSolution
		HideSolutionNode = FALSE
	EndGlobalSection
	GlobalSection(ExtensibilityGlobals) = postSolution
		SolutionGuid = {EB9BB23D-8ED5-4195-BA97-019E1940473F}
	EndGlobalSection
EndGlobal
