
Microsoft Visual Studio Solution File, Format Version 12.00
# Visual Studio 15
VisualStudioVersion = 15.0.28010.2026
MinimumVisualStudioVersion = 10.0.40219.1
Project("{FAE04EC0-301F-11D3-BF4B-00C04F79EFBC}") = "AddrBook", "AddrBook\AddrBook.csproj", "{21CD9777-08C3-4891-B147-BD98B16DBDDA}"
EndProject
Global
	GlobalSection(SolutionConfigurationPlatforms) = preSolution
		Debug|Any CPU = Debug|Any CPU
		Release|Any CPU = Release|Any CPU
	EndGlobalSection
	GlobalSection(ProjectConfigurationPlatforms) = postSolution
		{21CD9777-08C3-4891-B147-BD98B16DBDDA}.Debug|Any CPU.ActiveCfg = Debug|Any CPU
		{21CD9777-08C3-4891-B147-BD98B16DBDDA}.Debug|Any CPU.Build.0 = Debug|Any CPU
		{21CD9777-08C3-4891-B147-BD98B16DBDDA}.Release|Any CPU.ActiveCfg = Release|Any CPU
		{21CD9777-08C3-4891-B147-BD98B16DBDDA}.Release|Any CPU.Build.0 = Release|Any CPU
	EndGlobalSection
	GlobalSection(SolutionProperties) = preSolution
		HideSolutionNode = FALSE
	EndGlobalSection
	GlobalSection(ExtensibilityGlobals) = postSolution
		SolutionGuid = {61716BEF-4643-4FAA-BB4F-E87F17387297}
	EndGlobalSection
EndGlobal
