
Microsoft Visual Studio Solution File, Format Version 12.00
# Visual Studio 15
VisualStudioVersion = 15.0.28010.2026
MinimumVisualStudioVersion = 10.0.40219.1
Project("{FAE04EC0-301F-11D3-BF4B-00C04F79EFBC}") = "Day2_3", "Day2_3\Day2_3.csproj", "{121133EB-8A2D-449D-9BCC-08BBF5464008}"
EndProject
Global
	GlobalSection(SolutionConfigurationPlatforms) = preSolution
		Debug|Any CPU = Debug|Any CPU
		Release|Any CPU = Release|Any CPU
	EndGlobalSection
	GlobalSection(ProjectConfigurationPlatforms) = postSolution
		{121133EB-8A2D-449D-9BCC-08BBF5464008}.Debug|Any CPU.ActiveCfg = Debug|Any CPU
		{121133EB-8A2D-449D-9BCC-08BBF5464008}.Debug|Any CPU.Build.0 = Debug|Any CPU
		{121133EB-8A2D-449D-9BCC-08BBF5464008}.Release|Any CPU.ActiveCfg = Release|Any CPU
		{121133EB-8A2D-449D-9BCC-08BBF5464008}.Release|Any CPU.Build.0 = Release|Any CPU
	EndGlobalSection
	GlobalSection(SolutionProperties) = preSolution
		HideSolutionNode = FALSE
	EndGlobalSection
	GlobalSection(ExtensibilityGlobals) = postSolution
		SolutionGuid = {A2C0821A-6313-4AE8-8C99-15D2F6420DD9}
	EndGlobalSection
EndGlobal
